// !$*UTF8*$!
{
	archiveVersion = 1;
	classes = {
	};
	objectVersion = 55;
	objects = {

/* Begin PBXBuildFile section */
		404CBCC1294B273A00F89949 /* AppDelegate.swift in Sources */ = {isa = PBXBuildFile; fileRef = 404CBCC0294B273A00F89949 /* AppDelegate.swift */; };
		404CBCC3294B273A00F89949 /* SceneDelegate.swift in Sources */ = {isa = PBXBuildFile; fileRef = 404CBCC2294B273A00F89949 /* SceneDelegate.swift */; };
		404CBCC5294B273A00F89949 /* ViewController.swift in Sources */ = {isa = PBXBuildFile; fileRef = 404CBCC4294B273A00F89949 /* ViewController.swift */; };
		404CBCC8294B273A00F89949 /* Main.storyboard in Resources */ = {isa = PBXBuildFile; fileRef = 404CBCC6294B273A00F89949 /* Main.storyboard */; };
		404CBCCB294B273A00F89949 /* HealthIOSApp.xcdatamodeld in Sources */ = {isa = PBXBuildFile; fileRef = 404CBCC9294B273A00F89949 /* HealthIOSApp.xcdatamodeld */; };
		404CBCCD294B273D00F89949 /* Assets.xcassets in Resources */ = {isa = PBXBuildFile; fileRef = 404CBCCC294B273D00F89949 /* Assets.xcassets */; };
		404CBCD0294B273D00F89949 /* LaunchScreen.storyboard in Resources */ = {isa = PBXBuildFile; fileRef = 404CBCCE294B273D00F89949 /* LaunchScreen.storyboard */; };
		404CBCDB294B273D00F89949 /* HealthIOSAppTests.swift in Sources */ = {isa = PBXBuildFile; fileRef = 404CBCDA294B273D00F89949 /* HealthIOSAppTests.swift */; };
		404CBCE5294B273D00F89949 /* HealthIOSAppUITests.swift in Sources */ = {isa = PBXBuildFile; fileRef = 404CBCE4294B273D00F89949 /* HealthIOSAppUITests.swift */; };
		404CBCE7294B273D00F89949 /* HealthIOSAppUITestsLaunchTests.swift in Sources */ = {isa = PBXBuildFile; fileRef = 404CBCE6294B273D00F89949 /* HealthIOSAppUITestsLaunchTests.swift */; };
/* End PBXBuildFile section */

/* Begin PBXContainerItemProxy section */
		404CBCD7294B273D00F89949 /* PBXContainerItemProxy */ = {
			isa = PBXContainerItemProxy;
			containerPortal = 404CBCB5294B273A00F89949 /* Project object */;
			proxyType = 1;
			remoteGlobalIDString = 404CBCBC294B273A00F89949;
			remoteInfo = HealthIOSApp;
		};
		404CBCE1294B273D00F89949 /* PBXContainerItemProxy */ = {
			isa = PBXContainerItemProxy;
			containerPortal = 404CBCB5294B273A00F89949 /* Project object */;
			proxyType = 1;
			remoteGlobalIDString = 404CBCBC294B273A00F89949;
			remoteInfo = HealthIOSApp;
		};
/* End PBXContainerItemProxy section */

/* Begin PBXFileReference section */
		404CBCBD294B273A00F89949 /* HealthIOSApp.app */ = {isa = PBXFileReference; explicitFileType = wrapper.application; includeInIndex = 0; path = HealthIOSApp.app; sourceTree = BUILT_PRODUCTS_DIR; };
		404CBCC0294B273A00F89949 /* AppDelegate.swift */ = {isa = PBXFileReference; lastKnownFileType = sourcecode.swift; path = AppDelegate.swift; sourceTree = "<group>"; };
		404CBCC2294B273A00F89949 /* SceneDelegate.swift */ = {isa = PBXFileReference; lastKnownFileType = sourcecode.swift; path = SceneDelegate.swift; sourceTree = "<group>"; };
		404CBCC4294B273A00F89949 /* ViewController.swift */ = {isa = PBXFileReference; lastKnownFileType = sourcecode.swift; path = ViewController.swift; sourceTree = "<group>"; };
		404CBCC7294B273A00F89949 /* Base */ = {isa = PBXFileReference; lastKnownFileType = file.storyboard; name = Base; path = Base.lproj/Main.storyboard; sourceTree = "<group>"; };
		404CBCCA294B273A00F89949 /* HealthIOSApp.xcdatamodel */ = {isa = PBXFileReference; lastKnownFileType = wrapper.xcdatamodel; path = HealthIOSApp.xcdatamodel; sourceTree = "<group>"; };
		404CBCCC294B273D00F89949 /* Assets.xcassets */ = {isa = PBXFileReference; lastKnownFileType = folder.assetcatalog; path = Assets.xcassets; sourceTree = "<group>"; };
		404CBCCF294B273D00F89949 /* Base */ = {isa = PBXFileReference; lastKnownFileType = file.storyboard; name = Base; path = Base.lproj/LaunchScreen.storyboard; sourceTree = "<group>"; };
		404CBCD1294B273D00F89949 /* Info.plist */ = {isa = PBXFileReference; lastKnownFileType = text.plist.xml; path = Info.plist; sourceTree = "<group>"; };
		404CBCD6294B273D00F89949 /* HealthIOSAppTests.xctest */ = {isa = PBXFileReference; explicitFileType = wrapper.cfbundle; includeInIndex = 0; path = HealthIOSAppTests.xctest; sourceTree = BUILT_PRODUCTS_DIR; };
		404CBCDA294B273D00F89949 /* HealthIOSAppTests.swift */ = {isa = PBXFileReference; lastKnownFileType = sourcecode.swift; path = HealthIOSAppTests.swift; sourceTree = "<group>"; };
		404CBCE0294B273D00F89949 /* HealthIOSAppUITests.xctest */ = {isa = PBXFileReference; explicitFileType = wrapper.cfbundle; includeInIndex = 0; path = HealthIOSAppUITests.xctest; sourceTree = BUILT_PRODUCTS_DIR; };
		404CBCE4294B273D00F89949 /* HealthIOSAppUITests.swift */ = {isa = PBXFileReference; lastKnownFileType = sourcecode.swift; path = HealthIOSAppUITests.swift; sourceTree = "<group>"; };
		404CBCE6294B273D00F89949 /* HealthIOSAppUITestsLaunchTests.swift */ = {isa = PBXFileReference; lastKnownFileType = sourcecode.swift; path = HealthIOSAppUITestsLaunchTests.swift; sourceTree = "<group>"; };
/* End PBXFileReference section */

/* Begin PBXFrameworksBuildPhase section */
		404CBCBA294B273A00F89949 /* Frameworks */ = {
			isa = PBXFrameworksBuildPhase;
			buildActionMask = 2147483647;
			files = (
			);
			runOnlyForDeploymentPostprocessing = 0;
		};
		404CBCD3294B273D00F89949 /* Frameworks */ = {
			isa = PBXFrameworksBuildPhase;
			buildActionMask = 2147483647;
			files = (
			);
			runOnlyForDeploymentPostprocessing = 0;
		};
		404CBCDD294B273D00F89949 /* Frameworks */ = {
			isa = PBXFrameworksBuildPhase;
			buildActionMask = 2147483647;
			files = (
			);
			runOnlyForDeploymentPostprocessing = 0;
		};
/* End PBXFrameworksBuildPhase section */

/* Begin PBXGroup section */
		404CBCB4294B273A00F89949 = {
			isa = PBXGroup;
			children = (
				404CBCBF294B273A00F89949 /* HealthIOSApp */,
				404CBCD9294B273D00F89949 /* HealthIOSAppTests */,
				404CBCE3294B273D00F89949 /* HealthIOSAppUITests */,
				404CBCBE294B273A00F89949 /* Products */,
			);
			sourceTree = "<group>";
		};
		404CBCBE294B273A00F89949 /* Products */ = {
			isa = PBXGroup;
			children = (
				404CBCBD294B273A00F89949 /* HealthIOSApp.app */,
				404CBCD6294B273D00F89949 /* HealthIOSAppTests.xctest */,
				404CBCE0294B273D00F89949 /* HealthIOSAppUITests.xctest */,
			);
			name = Products;
			sourceTree = "<group>";
		};
		404CBCBF294B273A00F89949 /* HealthIOSApp */ = {
			isa = PBXGroup;
			children = (
				404CBCC0294B273A00F89949 /* AppDelegate.swift */,
				404CBCC2294B273A00F89949 /* SceneDelegate.swift */,
				404CBCC4294B273A00F89949 /* ViewController.swift */,
				404CBCC6294B273A00F89949 /* Main.storyboard */,
				404CBCCC294B273D00F89949 /* Assets.xcassets */,
				404CBCCE294B273D00F89949 /* LaunchScreen.storyboard */,
				404CBCD1294B273D00F89949 /* Info.plist */,
				404CBCC9294B273A00F89949 /* HealthIOSApp.xcdatamodeld */,
			);
			path = HealthIOSApp;
			sourceTree = "<group>";
		};
		404CBCD9294B273D00F89949 /* HealthIOSAppTests */ = {
			isa = PBXGroup;
			children = (
				404CBCDA294B273D00F89949 /* HealthIOSAppTests.swift */,
			);
			path = HealthIOSAppTests;
			sourceTree = "<group>";
		};
		404CBCE3294B273D00F89949 /* HealthIOSAppUITests */ = {
			isa = PBXGroup;
			children = (
				404CBCE4294B273D00F89949 /* HealthIOSAppUITests.swift */,
				404CBCE6294B273D00F89949 /* HealthIOSAppUITestsLaunchTests.swift */,
			);
			path = HealthIOSAppUITests;
			sourceTree = "<group>";
		};
/* End PBXGroup section */

/* Begin PBXNativeTarget section */
		404CBCBC294B273A00F89949 /* HealthIOSApp */ = {
			isa = PBXNativeTarget;
			buildConfigurationList = 404CBCEA294B273D00F89949 /* Build configuration list for PBXNativeTarget "HealthIOSApp" */;
			buildPhases = (
				404CBCB9294B273A00F89949 /* Sources */,
				404CBCBA294B273A00F89949 /* Frameworks */,
				404CBCBB294B273A00F89949 /* Resources */,
			);
			buildRules = (
			);
			dependencies = (
			);
			name = HealthIOSApp;
			productName = HealthIOSApp;
			productReference = 404CBCBD294B273A00F89949 /* HealthIOSApp.app */;
			productType = "com.apple.product-type.application";
		};
		404CBCD5294B273D00F89949 /* HealthIOSAppTests */ = {
			isa = PBXNativeTarget;
			buildConfigurationList = 404CBCED294B273D00F89949 /* Build configuration list for PBXNativeTarget "HealthIOSAppTests" */;
			buildPhases = (
				404CBCD2294B273D00F89949 /* Sources */,
				404CBCD3294B273D00F89949 /* Frameworks */,
				404CBCD4294B273D00F89949 /* Resources */,
			);
			buildRules = (
			);
			dependencies = (
				404CBCD8294B273D00F89949 /* PBXTargetDependency */,
			);
			name = HealthIOSAppTests;
			productName = HealthIOSAppTests;
			productReference = 404CBCD6294B273D00F89949 /* HealthIOSAppTests.xctest */;
			productType = "com.apple.product-type.bundle.unit-test";
		};
		404CBCDF294B273D00F89949 /* HealthIOSAppUITests */ = {
			isa = PBXNativeTarget;
			buildConfigurationList = 404CBCF0294B273D00F89949 /* Build configuration list for PBXNativeTarget "HealthIOSAppUITests" */;
			buildPhases = (
				404CBCDC294B273D00F89949 /* Sources */,
				404CBCDD294B273D00F89949 /* Frameworks */,
				404CBCDE294B273D00F89949 /* Resources */,
			);
			buildRules = (
			);
			dependencies = (
				404CBCE2294B273D00F89949 /* PBXTargetDependency */,
			);
			name = HealthIOSAppUITests;
			productName = HealthIOSAppUITests;
			productReference = 404CBCE0294B273D00F89949 /* HealthIOSAppUITests.xctest */;
			productType = "com.apple.product-type.bundle.ui-testing";
		};
/* End PBXNativeTarget section */

/* Begin PBXProject section */
		404CBCB5294B273A00F89949 /* Project object */ = {
			isa = PBXProject;
			attributes = {
				BuildIndependentTargetsInParallel = 1;
				LastSwiftUpdateCheck = 1310;
				LastUpgradeCheck = 1310;
				TargetAttributes = {
					404CBCBC294B273A00F89949 = {
						CreatedOnToolsVersion = 13.1;
					};
					404CBCD5294B273D00F89949 = {
						CreatedOnToolsVersion = 13.1;
						TestTargetID = 404CBCBC294B273A00F89949;
					};
					404CBCDF294B273D00F89949 = {
						CreatedOnToolsVersion = 13.1;
						TestTargetID = 404CBCBC294B273A00F89949;
					};
				};
			};
			buildConfigurationList = 404CBCB8294B273A00F89949 /* Build configuration list for PBXProject "HealthIOSApp" */;
			compatibilityVersion = "Xcode 13.0";
			developmentRegion = en;
			hasScannedForEncodings = 0;
			knownRegions = (
				en,
				Base,
			);
			mainGroup = 404CBCB4294B273A00F89949;
			productRefGroup = 404CBCBE294B273A00F89949 /* Products */;
			projectDirPath = "";
			projectRoot = "";
			targets = (
				404CBCBC294B273A00F89949 /* HealthIOSApp */,
				404CBCD5294B273D00F89949 /* HealthIOSAppTests */,
				404CBCDF294B273D00F89949 /* HealthIOSAppUITests */,
			);
		};
/* End PBXProject section */

/* Begin PBXResourcesBuildPhase section */
		404CBCBB294B273A00F89949 /* Resources */ = {
			isa = PBXResourcesBuildPhase;
			buildActionMask = 2147483647;
			files = (
				404CBCD0294B273D00F89949 /* LaunchScreen.storyboard in Resources */,
				404CBCCD294B273D00F89949 /* Assets.xcassets in Resources */,
				404CBCC8294B273A00F89949 /* Main.storyboard in Resources */,
			);
			runOnlyForDeploymentPostprocessing = 0;
		};
		404CBCD4294B273D00F89949 /* Resources */ = {
			isa = PBXResourcesBuildPhase;
			buildActionMask = 2147483647;
			files = (
			);
			runOnlyForDeploymentPostprocessing = 0;
		};
		404CBCDE294B273D00F89949 /* Resources */ = {
			isa = PBXResourcesBuildPhase;
			buildActionMask = 2147483647;
			files = (
			);
			runOnlyForDeploymentPostprocessing = 0;
		};
/* End PBXResourcesBuildPhase section */

/* Begin PBXSourcesBuildPhase section */
		404CBCB9294B273A00F89949 /* Sources */ = {
			isa = PBXSourcesBuildPhase;
			buildActionMask = 2147483647;
			files = (
				404CBCC5294B273A00F89949 /* ViewController.swift in Sources */,
				404CBCC1294B273A00F89949 /* AppDelegate.swift in Sources */,
				404CBCC3294B273A00F89949 /* SceneDelegate.swift in Sources */,
				404CBCCB294B273A00F89949 /* HealthIOSApp.xcdatamodeld in Sources */,
			);
			runOnlyForDeploymentPostprocessing = 0;
		};
		404CBCD2294B273D00F89949 /* Sources */ = {
			isa = PBXSourcesBuildPhase;
			buildActionMask = 2147483647;
			files = (
				404CBCDB294B273D00F89949 /* HealthIOSAppTests.swift in Sources */,
			);
			runOnlyForDeploymentPostprocessing = 0;
		};
		404CBCDC294B273D00F89949 /* Sources */ = {
			isa = PBXSourcesBuildPhase;
			buildActionMask = 2147483647;
			files = (
				404CBCE7294B273D00F89949 /* HealthIOSAppUITestsLaunchTests.swift in Sources */,
				404CBCE5294B273D00F89949 /* HealthIOSAppUITests.swift in Sources */,
			);
			runOnlyForDeploymentPostprocessing = 0;
		};
/* End PBXSourcesBuildPhase section */

/* Begin PBXTargetDependency section */
		404CBCD8294B273D00F89949 /* PBXTargetDependency */ = {
			isa = PBXTargetDependency;
			target = 404CBCBC294B273A00F89949 /* HealthIOSApp */;
			targetProxy = 404CBCD7294B273D00F89949 /* PBXContainerItemProxy */;
		};
		404CBCE2294B273D00F89949 /* PBXTargetDependency */ = {
			isa = PBXTargetDependency;
			target = 404CBCBC294B273A00F89949 /* HealthIOSApp */;
			targetProxy = 404CBCE1294B273D00F89949 /* PBXContainerItemProxy */;
		};
/* End PBXTargetDependency section */

/* Begin PBXVariantGroup section */
		404CBCC6294B273A00F89949 /* Main.storyboard */ = {
			isa = PBXVariantGroup;
			children = (
				404CBCC7294B273A00F89949 /* Base */,
			);
			name = Main.storyboard;
			sourceTree = "<group>";
		};
		404CBCCE294B273D00F89949 /* LaunchScreen.storyboard */ = {
			isa = PBXVariantGroup;
			children = (
				404CBCCF294B273D00F89949 /* Base */,
			);
			name = LaunchScreen.storyboard;
			sourceTree = "<group>";
		};
/* End PBXVariantGroup section */

/* Begin XCBuildConfiguration section */
		404CBCE8294B273D00F89949 /* Debug */ = {
			isa = XCBuildConfiguration;
			buildSettings = {
				ALWAYS_SEARCH_USER_PATHS = NO;
				CLANG_ANALYZER_NONNULL = YES;
				CLANG_ANALYZER_NUMBER_OBJECT_CONVERSION = YES_AGGRESSIVE;
				CLANG_CXX_LANGUAGE_STANDARD = "gnu++17";
				CLANG_CXX_LIBRARY = "libc++";
				CLANG_ENABLE_MODULES = YES;
				CLANG_ENABLE_OBJC_ARC = YES;
				CLANG_ENABLE_OBJC_WEAK = YES;
				CLANG_WARN_BLOCK_CAPTURE_AUTORELEASING = YES;
				CLANG_WARN_BOOL_CONVERSION = YES;
				CLANG_WARN_COMMA = YES;
				CLANG_WARN_CONSTANT_CONVERSION = YES;
				CLANG_WARN_DEPRECATED_OBJC_IMPLEMENTATIONS = YES;
				CLANG_WARN_DIRECT_OBJC_ISA_USAGE = YES_ERROR;
				CLANG_WARN_DOCUMENTATION_COMMENTS = YES;
				CLANG_WARN_EMPTY_BODY = YES;
				CLANG_WARN_ENUM_CONVERSION = YES;
				CLANG_WARN_INFINITE_RECURSION = YES;
				CLANG_WARN_INT_CONVERSION = YES;
				CLANG_WARN_NON_LITERAL_NULL_CONVERSION = YES;
				CLANG_WARN_OBJC_IMPLICIT_RETAIN_SELF = YES;
				CLANG_WARN_OBJC_LITERAL_CONVERSION = YES;
				CLANG_WARN_OBJC_ROOT_CLASS = YES_ERROR;
				CLANG_WARN_QUOTED_INCLUDE_IN_FRAMEWORK_HEADER = YES;
				CLANG_WARN_RANGE_LOOP_ANALYSIS = YES;
				CLANG_WARN_STRICT_PROTOTYPES = YES;
				CLANG_WARN_SUSPICIOUS_MOVE = YES;
				CLANG_WARN_UNGUARDED_AVAILABILITY = YES_AGGRESSIVE;
				CLANG_WARN_UNREACHABLE_CODE = YES;
				CLANG_WARN__DUPLICATE_METHOD_MATCH = YES;
				COPY_PHASE_STRIP = NO;
				DEBUG_INFORMATION_FORMAT = dwarf;
				ENABLE_STRICT_OBJC_MSGSEND = YES;
				ENABLE_TESTABILITY = YES;
				GCC_C_LANGUAGE_STANDARD = gnu11;
				GCC_DYNAMIC_NO_PIC = NO;
				GCC_NO_COMMON_BLOCKS = YES;
				GCC_OPTIMIZATION_LEVEL = 0;
				GCC_PREPROCESSOR_DEFINITIONS = (
					"DEBUG=1",
					"$(inherited)",
				);
				GCC_WARN_64_TO_32_BIT_CONVERSION = YES;
				GCC_WARN_ABOUT_RETURN_TYPE = YES_ERROR;
				GCC_WARN_UNDECLARED_SELECTOR = YES;
				GCC_WARN_UNINITIALIZED_AUTOS = YES_AGGRESSIVE;
				GCC_WARN_UNUSED_FUNCTION = YES;
				GCC_WARN_UNUSED_VARIABLE = YES;
				IPHONEOS_DEPLOYMENT_TARGET = 15.0;
				MTL_ENABLE_DEBUG_INFO = INCLUDE_SOURCE;
				MTL_FAST_MATH = YES;
				ONLY_ACTIVE_ARCH = YES;
				SDKROOT = iphoneos;
				SWIFT_ACTIVE_COMPILATION_CONDITIONS = DEBUG;
				SWIFT_OPTIMIZATION_LEVEL = "-Onone";
			};
			name = Debug;
		};
		404CBCE9294B273D00F89949 /* Release */ = {
			isa = XCBuildConfiguration;
			buildSettings = {
				ALWAYS_SEARCH_USER_PATHS = NO;
				CLANG_ANALYZER_NONNULL = YES;
				CLANG_ANALYZER_NUMBER_OBJECT_CONVERSION = YES_AGGRESSIVE;
				CLANG_CXX_LANGUAGE_STANDARD = "gnu++17";
				CLANG_CXX_LIBRARY = "libc++";
				CLANG_ENABLE_MODULES = YES;
				CLANG_ENABLE_OBJC_ARC = YES;
				CLANG_ENABLE_OBJC_WEAK = YES;
				CLANG_WARN_BLOCK_CAPTURE_AUTORELEASING = YES;
				CLANG_WARN_BOOL_CONVERSION = YES;
				CLANG_WARN_COMMA = YES;
				CLANG_WARN_CONSTANT_CONVERSION = YES;
				CLANG_WARN_DEPRECATED_OBJC_IMPLEMENTATIONS = YES;
				CLANG_WARN_DIRECT_OBJC_ISA_USAGE = YES_ERROR;
				CLANG_WARN_DOCUMENTATION_COMMENTS = YES;
				CLANG_WARN_EMPTY_BODY = YES;
				CLANG_WARN_ENUM_CONVERSION = YES;
				CLANG_WARN_INFINITE_RECURSION = YES;
				CLANG_WARN_INT_CONVERSION = YES;
				CLANG_WARN_NON_LITERAL_NULL_CONVERSION = YES;
				CLANG_WARN_OBJC_IMPLICIT_RETAIN_SELF = YES;
				CLANG_WARN_OBJC_LITERAL_CONVERSION = YES;
				CLANG_WARN_OBJC_ROOT_CLASS = YES_ERROR;
				CLANG_WARN_QUOTED_INCLUDE_IN_FRAMEWORK_HEADER = YES;
				CLANG_WARN_RANGE_LOOP_ANALYSIS = YES;
				CLANG_WARN_STRICT_PROTOTYPES = YES;
				CLANG_WARN_SUSPICIOUS_MOVE = YES;
				CLANG_WARN_UNGUARDED_AVAILABILITY = YES_AGGRESSIVE;
				CLANG_WARN_UNREACHABLE_CODE = YES;
				CLANG_WARN__DUPLICATE_METHOD_MATCH = YES;
				COPY_PHASE_STRIP = NO;
				DEBUG_INFORMATION_FORMAT = "dwarf-with-dsym";
				ENABLE_NS_ASSERTIONS = NO;
				ENABLE_STRICT_OBJC_MSGSEND = YES;
				GCC_C_LANGUAGE_STANDARD = gnu11;
				GCC_NO_COMMON_BLOCKS = YES;
				GCC_WARN_64_TO_32_BIT_CONVERSION = YES;
				GCC_WARN_ABOUT_RETURN_TYPE = YES_ERROR;
				GCC_WARN_UNDECLARED_SELECTOR = YES;
				GCC_WARN_UNINITIALIZED_AUTOS = YES_AGGRESSIVE;
				GCC_WARN_UNUSED_FUNCTION = YES;
				GCC_WARN_UNUSED_VARIABLE = YES;
				IPHONEOS_DEPLOYMENT_TARGET = 15.0;
				MTL_ENABLE_DEBUG_INFO = NO;
				MTL_FAST_MATH = YES;
				SDKROOT = iphoneos;
				SWIFT_COMPILATION_MODE = wholemodule;
				SWIFT_OPTIMIZATION_LEVEL = "-O";
				VALIDATE_PRODUCT = YES;
			};
			name = Release;
		};
		404CBCEB294B273D00F89949 /* Debug */ = {
			isa = XCBuildConfiguration;
			buildSettings = {
				ASSETCATALOG_COMPILER_APPICON_NAME = AppIcon;
				ASSETCATALOG_COMPILER_GLOBAL_ACCENT_COLOR_NAME = AccentColor;
				CODE_SIGN_STYLE = Automatic;
				CURRENT_PROJECT_VERSION = 1;
				GENERATE_INFOPLIST_FILE = YES;
				INFOPLIST_FILE = HealthIOSApp/Info.plist;
				INFOPLIST_KEY_UIApplicationSupportsIndirectInputEvents = YES;
				INFOPLIST_KEY_UILaunchStoryboardName = LaunchScreen;
				INFOPLIST_KEY_UIMainStoryboardFile = Main;
				INFOPLIST_KEY_UISupportedInterfaceOrientations_iPad = "UIInterfaceOrientationPortrait UIInterfaceOrientationPortraitUpsideDown UIInterfaceOrientationLandscapeLeft UIInterfaceOrientationLandscapeRight";
				INFOPLIST_KEY_UISupportedInterfaceOrientations_iPhone = "UIInterfaceOrientationPortrait UIInterfaceOrientationLandscapeLeft UIInterfaceOrientationLandscapeRight";
				LD_RUNPATH_SEARCH_PATHS = (
					"$(inherited)",
					"@executable_path/Frameworks",
				);
				MARKETING_VERSION = 1.0;
				PRODUCT_BUNDLE_IDENTIFIER = com.shifat.HealthIOSApp;
				PRODUCT_NAME = "$(TARGET_NAME)";
				SWIFT_EMIT_LOC_STRINGS = YES;
				SWIFT_VERSION = 5.0;
				TARGETED_DEVICE_FAMILY = "1,2";
			};
			name = Debug;
		};
		404CBCEC294B273D00F89949 /* Release */ = {
			isa = XCBuildConfiguration;
			buildSettings = {
				ASSETCATALOG_COMPILER_APPICON_NAME = AppIcon;
				ASSETCATALOG_COMPILER_GLOBAL_ACCENT_COLOR_NAME = AccentColor;
				CODE_SIGN_STYLE = Automatic;
				CURRENT_PROJECT_VERSION = 1;
				GENERATE_INFOPLIST_FILE = YES;
				INFOPLIST_FILE = HealthIOSApp/Info.plist;
				INFOPLIST_KEY_UIApplicationSupportsIndirectInputEvents = YES;
				INFOPLIST_KEY_UILaunchStoryboardName = LaunchScreen;
				INFOPLIST_KEY_UIMainStoryboardFile = Main;
				INFOPLIST_KEY_UISupportedInterfaceOrientations_iPad = "UIInterfaceOrientationPortrait UIInterfaceOrientationPortraitUpsideDown UIInterfaceOrientationLandscapeLeft UIInterfaceOrientationLandscapeRight";
				INFOPLIST_KEY_UISupportedInterfaceOrientations_iPhone = "UIInterfaceOrientationPortrait UIInterfaceOrientationLandscapeLeft UIInterfaceOrientationLandscapeRight";
				LD_RUNPATH_SEARCH_PATHS = (
					"$(inherited)",
					"@executable_path/Frameworks",
				);
				MARKETING_VERSION = 1.0;
				PRODUCT_BUNDLE_IDENTIFIER = com.shifat.HealthIOSApp;
				PRODUCT_NAME = "$(TARGET_NAME)";
				SWIFT_EMIT_LOC_STRINGS = YES;
				SWIFT_VERSION = 5.0;
				TARGETED_DEVICE_FAMILY = "1,2";
			};
			name = Release;
		};
		404CBCEE294B273D00F89949 /* Debug */ = {
			isa = XCBuildConfiguration;
			buildSettings = {
				ALWAYS_EMBED_SWIFT_STANDARD_LIBRARIES = YES;
				BUNDLE_LOADER = "$(TEST_HOST)";
				CODE_SIGN_STYLE = Automatic;
				CURRENT_PROJECT_VERSION = 1;
				GENERATE_INFOPLIST_FILE = YES;
				IPHONEOS_DEPLOYMENT_TARGET = 15.0;
				LD_RUNPATH_SEARCH_PATHS = (
					"$(inherited)",
					"@executable_path/Frameworks",
					"@loader_path/Frameworks",
				);
				MARKETING_VERSION = 1.0;
				PRODUCT_BUNDLE_IDENTIFIER = com.shifat.HealthIOSAppTests;
				PRODUCT_NAME = "$(TARGET_NAME)";
				SWIFT_EMIT_LOC_STRINGS = NO;
				SWIFT_VERSION = 5.0;
				TARGETED_DEVICE_FAMILY = "1,2";
				TEST_HOST = "$(BUILT_PRODUCTS_DIR)/HealthIOSApp.app/HealthIOSApp";
			};
			name = Debug;
		};
		404CBCEF294B273D00F89949 /* Release */ = {
			isa = XCBuildConfiguration;
			buildSettings = {
				ALWAYS_EMBED_SWIFT_STANDARD_LIBRARIES = YES;
				BUNDLE_LOADER = "$(TEST_HOST)";
				CODE_SIGN_STYLE = Automatic;
				CURRENT_PROJECT_VERSION = 1;
				GENERATE_INFOPLIST_FILE = YES;
				IPHONEOS_DEPLOYMENT_TARGET = 15.0;
				LD_RUNPATH_SEARCH_PATHS = (
					"$(inherited)",
					"@executable_path/Frameworks",
					"@loader_path/Frameworks",
				);
				MARKETING_VERSION = 1.0;
				PRODUCT_BUNDLE_IDENTIFIER = com.shifat.HealthIOSAppTests;
				PRODUCT_NAME = "$(TARGET_NAME)";
				SWIFT_EMIT_LOC_STRINGS = NO;
				SWIFT_VERSION = 5.0;
				TARGETED_DEVICE_FAMILY = "1,2";
				TEST_HOST = "$(BUILT_PRODUCTS_DIR)/HealthIOSApp.app/HealthIOSApp";
			};
			name = Release;
		};
		404CBCF1294B273D00F89949 /* Debug */ = {
			isa = XCBuildConfiguration;
			buildSettings = {
				ALWAYS_EMBED_SWIFT_STANDARD_LIBRARIES = YES;
				CODE_SIGN_STYLE = Automatic;
				CURRENT_PROJECT_VERSION = 1;
				GENERATE_INFOPLIST_FILE = YES;
				LD_RUNPATH_SEARCH_PATHS = (
					"$(inherited)",
					"@executable_path/Frameworks",
					"@loader_path/Frameworks",
				);
				MARKETING_VERSION = 1.0;
				PRODUCT_BUNDLE_IDENTIFIER = com.shifat.HealthIOSAppUITests;
				PRODUCT_NAME = "$(TARGET_NAME)";
				SWIFT_EMIT_LOC_STRINGS = NO;
				SWIFT_VERSION = 5.0;
				TARGETED_DEVICE_FAMILY = "1,2";
				TEST_TARGET_NAME = HealthIOSApp;
			};
			name = Debug;
		};
		404CBCF2294B273D00F89949 /* Release */ = {
			isa = XCBuildConfiguration;
			buildSettings = {
				ALWAYS_EMBED_SWIFT_STANDARD_LIBRARIES = YES;
				CODE_SIGN_STYLE = Automatic;
				CURRENT_PROJECT_VERSION = 1;
				GENERATE_INFOPLIST_FILE = YES;
				LD_RUNPATH_SEARCH_PATHS = (
					"$(inherited)",
					"@executable_path/Frameworks",
					"@loader_path/Frameworks",
				);
				MARKETING_VERSION = 1.0;
				PRODUCT_BUNDLE_IDENTIFIER = com.shifat.HealthIOSAppUITests;
				PRODUCT_NAME = "$(TARGET_NAME)";
				SWIFT_EMIT_LOC_STRINGS = NO;
				SWIFT_VERSION = 5.0;
				TARGETED_DEVICE_FAMILY = "1,2";
				TEST_TARGET_NAME = HealthIOSApp;
			};
			name = Release;
		};
/* End XCBuildConfiguration section */

/* Begin XCConfigurationList section */
		404CBCB8294B273A00F89949 /* Build configuration list for PBXProject "HealthIOSApp" */ = {
			isa = XCConfigurationList;
			buildConfigurations = (
				404CBCE8294B273D00F89949 /* Debug */,
				404CBCE9294B273D00F89949 /* Release */,
			);
			defaultConfigurationIsVisible = 0;
			defaultConfigurationName = Release;
		};
		404CBCEA294B273D00F89949 /* Build configuration list for PBXNativeTarget "HealthIOSApp" */ = {
			isa = XCConfigurationList;
			buildConfigurations = (
				404CBCEB294B273D00F89949 /* Debug */,
				404CBCEC294B273D00F89949 /* Release */,
			);
			defaultConfigurationIsVisible = 0;
			defaultConfigurationName = Release;
		};
		404CBCED294B273D00F89949 /* Build configuration list for PBXNativeTarget "HealthIOSAppTests" */ = {
			isa = XCConfigurationList;
			buildConfigurations = (
				404CBCEE294B273D00F89949 /* Debug */,
				404CBCEF294B273D00F89949 /* Release */,
			);
			defaultConfigurationIsVisible = 0;
			defaultConfigurationName = Release;
		};
		404CBCF0294B273D00F89949 /* Build configuration list for PBXNativeTarget "HealthIOSAppUITests" */ = {
			isa = XCConfigurationList;
			buildConfigurations = (
				404CBCF1294B273D00F89949 /* Debug */,
				404CBCF2294B273D00F89949 /* Release */,
			);
			defaultConfigurationIsVisible = 0;
			defaultConfigurationName = Release;
		};
/* End XCConfigurationList section */

/* Begin XCVersionGroup section */
		404CBCC9294B273A00F89949 /* HealthIOSApp.xcdatamodeld */ = {
			isa = XCVersionGroup;
			children = (
				404CBCCA294B273A00F89949 /* HealthIOSApp.xcdatamodel */,
			);
			currentVersion = 404CBCCA294B273A00F89949 /* HealthIOSApp.xcdatamodel */;
			path = HealthIOSApp.xcdatamodeld;
			sourceTree = "<group>";
			versionGroupType = wrapper.xcdatamodel;
		};
/* End XCVersionGroup section */
	};
	rootObject = 404CBCB5294B273A00F89949 /* Project object */;
}
